
Microsoft Visual Studio Solution File, Format Version 12.00
# Visual Studio Version 17
VisualStudioVersion = 17.14.36109.1
MinimumVisualStudioVersion = 10.0.40219.1
Project("{2150E333-8FDC-42A3-9474-1A3956D46DE8}") = "Konu1_Veri_Tipleri", "Konu1_Veri_Tipleri", "{02EA681E-C7D8-13C7-8484-4AC65E1B71E8}"
EndProject
Project("{2150E333-8FDC-42A3-9474-1A3956D46DE8}") = "Konu2_Tip_Donusumleri", "Konu2_Tip_Donusumleri", "{8B4CE903-3AAD-4F8C-9E61-E18A65184B8A}"
EndProject
Project("{2150E333-8FDC-42A3-9474-1A3956D46DE8}") = "Konu3_Operatorler", "Konu3_Operatorler", "{8215100C-EC87-4E95-9329-BBF963A669DF}"
EndProject
Project("{FAE04EC0-301F-11D3-BF4B-00C04F79EFBC}") = "260109_4_Convert_Tip_Donusumleri", "260109_4_Convert_Tip_Donusumleri\260109_4_Convert_Tip_Donusumleri.csproj", "{1DE91718-51D0-410B-B513-7A0676260DB9}"
EndProject
Project("{FAE04EC0-301F-11D3-BF4B-00C04F79EFBC}") = "260113_1_Parse_Tip_Donusumu", "260113_1_Parse_Tip_Donusumu\260113_1_Parse_Tip_Donusumu.csproj", "{69CBC961-4F26-40EA-8D6F-B951713449E1}"
EndProject
Project("{FAE04EC0-301F-11D3-BF4B-00C04F79EFBC}") = "260113_2_Cast_Tip_Donusumu", "260113_2_Cast_Tip_Donusumu\260113_2_Cast_Tip_Donusumu.csproj", "{2973A0FB-4ADD-4E32-9E13-7BE131DC6D6E}"
EndProject
Project("{FAE04EC0-301F-11D3-BF4B-00C04F79EFBC}") = "260113_3_Tostring_Tip_Donusumu", "260113_3_Tostring_Tip_Donusumu\260113_3_Tostring_Tip_Donusumu.csproj", "{5D8CFF8D-3950-43BD-BC12-8EFC84F2E88E}"
EndProject
Project("{FAE04EC0-301F-11D3-BF4B-00C04F79EFBC}") = "260113_4_Ornek", "260113_4_Ornek\260113_4_Ornek.csproj", "{1E69D3B9-A99E-482B-876B-1B8725B917F9}"
EndProject
Project("{FAE04EC0-301F-11D3-BF4B-00C04F79EFBC}") = "260113_5_Odevler", "261301_5_Odevler\260113_5_Odevler.csproj", "{E67F659B-E382-490B-B31D-B4D05A5A7075}"
EndProject
Project("{FAE04EC0-301F-11D3-BF4B-00C04F79EFBC}") = "260115_1_Aritmetik_Operatorler", "260115_1_Aritmetik_Operatorler\260115_1_Aritmetik_Operatorler.csproj", "{F8D79B17-E9C3-42C8-8D15-3FB105AF1D31}"
EndProject
Project("{FAE04EC0-301F-11D3-BF4B-00C04F79EFBC}") = "260115_2_Karsilastirma_Operatorleri", "260115_2_Karsilastirma_Operatorleri\260115_2_Karsilastirma_Operatorleri.csproj", "{834829AD-F34B-438A-84FA-797164FB2C15}"
EndProject
Project("{FAE04EC0-301F-11D3-BF4B-00C04F79EFBC}") = "260115_3_Mantiksal_Operatorler", "260115_3_Mantiksal_Operatorler\260115_3_Mantiksal_Operatorler.csproj", "{2220D711-D14C-4826-98B3-9C49CD57FB16}"
EndProject
Project("{FAE04EC0-301F-11D3-BF4B-00C04F79EFBC}") = "260115_4_Ornek_Operatorler", "260115_4_Ornek_Operatorler\260115_4_Ornek_Operatorler.csproj", "{19BB09D6-57AD-42DA-9482-AADF6D5C5996}"
EndProject
Project("{FAE04EC0-301F-11D3-BF4B-00C04F79EFBC}") = "260116_1_Atama_Operatorleri", "260116_1_Atama_Operatorleri\260116_1_Atama_Operatorleri.csproj", "{3E8FD680-2753-4636-9C2D-BE25F310ED25}"
EndProject
Project("{FAE04EC0-301F-11D3-BF4B-00C04F79EFBC}") = "260116_2_Odevler", "260116_2_Odevler\260116_2_Odevler.csproj", "{62C042C3-3283-469F-BBB9-4D7F2845C741}"
EndProject
Project("{2150E333-8FDC-42A3-9474-1A3956D46DE8}") = "Konu4_Karar_Yapilari", "Konu4_Karar_Yapilari", "{E7FEBC06-D2FF-41C8-9194-49A945ED4F04}"
EndProject
Project("{FAE04EC0-301F-11D3-BF4B-00C04F79EFBC}") = "260120_1_Tanim", "260120_1_Tanim\260120_1_Tanim.csproj", "{631E3D29-C3D7-4A39-96A9-3E7B500389B7}"
EndProject
Project("{FAE04EC0-301F-11D3-BF4B-00C04F79EFBC}") = "260120_2_if_else_ornek", "260120_2_if_else_ornek\260120_2_if_else_ornek.csproj", "{F64F71B3-DF81-43EE-9132-A7F91765D6C1}"
EndProject
Project("{FAE04EC0-301F-11D3-BF4B-00C04F79EFBC}") = "260120_3_if_else_Login", "260120_3_if_else_Login\260120_3_if_else_Login.csproj", "{AEDF336D-2C0C-487A-AFD0-1FEB94C6D818}"
EndProject
Project("{FAE04EC0-301F-11D3-BF4B-00C04F79EFBC}") = "260120_4_if_else_maas_cinsiyet", "260120_4_if_else_maas_cinsiyet\260120_4_if_else_maas_cinsiyet.csproj", "{1F32AD32-438D-4D28-A83F-F4FD03F3F762}"
EndProject
Project("{FAE04EC0-301F-11D3-BF4B-00C04F79EFBC}") = "260120_5_if_elseif_else_tanim", "260120_5_if_elseif_else_tanim\260120_5_if_elseif_else_tanim.csproj", "{50955DBE-BF78-4098-B8B5-257E85AA937D}"
EndProject
Project("{FAE04EC0-301F-11D3-BF4B-00C04F79EFBC}") = "260120_6_Odev_if_elseif_else", "260120_6_Odev_if_elseif_else\260120_6_Odev_if_elseif_else.csproj", "{9423D0B9-87ED-4DE2-8CE4-D8B5F7ACA240}"
EndProject
Project("{FAE04EC0-301F-11D3-BF4B-00C04F79EFBC}") = "260122_1_if_elseif_else_fatura", "260112_1_if_elseif_else_fatura\260122_1_if_elseif_else_fatura.csproj", "{05B03010-7570-48D0-B784-481D97D89E29}"
EndProject
Project("{FAE04EC0-301F-11D3-BF4B-00C04F79EFBC}") = "260122_2_siralama", "260121_2_siralama\260122_2_siralama.csproj", "{EE7797A1-CA45-4A29-A420-181826DF4D18}"
EndProject
Project("{FAE04EC0-301F-11D3-BF4B-00C04F79EFBC}") = "260122_3_emekli_if_elseif_else", "260121_3_emekli_if_elseif_else\260122_3_emekli_if_elseif_else.csproj", "{F899BA39-981D-458F-8890-36466DA54E86}"
EndProject
Project("{FAE04EC0-301F-11D3-BF4B-00C04F79EFBC}") = "260122_4_maas_zam", "260121_4_maas_zam\260122_4_maas_zam.csproj", "{56DBCBB3-E9FD-41D4-A912-B8C7A69EFFEA}"
EndProject
Project("{FAE04EC0-301F-11D3-BF4B-00C04F79EFBC}") = "260123_1_switch_case", "260123_1_switch_case\260123_1_switch_case.csproj", "{3720B44C-BD1A-4FAD-9AE5-92D1AD13FB0C}"
EndProject
Project("{FAE04EC0-301F-11D3-BF4B-00C04F79EFBC}") = "260123_2_switch_case_ornek1", "260123_2_switch_case_ornek1\260123_2_switch_case_ornek1.csproj", "{A61C5593-39CC-47E1-AEF2-89365BE267AD}"
EndProject
Project("{FAE04EC0-301F-11D3-BF4B-00C04F79EFBC}") = "260123_3_ternary_operatoru", "260123_3_ternary_operatoru\260123_3_ternary_operatoru.csproj", "{640B8541-75A8-4963-928C-AE63A8E8F940}"
EndProject
Project("{2150E333-8FDC-42A3-9474-1A3956D46DE8}") = "Konu5_Donguler_Diziler", "Konu5_Donguler_Diziler", "{A5A71DC1-41F8-45DB-B408-DB498B15C479}"
EndProject
Project("{FAE04EC0-301F-11D3-BF4B-00C04F79EFBC}") = "260123_4_while", "260123_4_while\260123_4_while.csproj", "{ED364294-6EB1-4DD1-9E0E-211B89EE819E}"
EndProject
Project("{FAE04EC0-301F-11D3-BF4B-00C04F79EFBC}") = "260123_5_While_Ornek1", "260123_5_While_Ornek\260123_5_While_Ornek1.csproj", "{7E778183-F602-4FB5-88AC-6DD33C211D38}"
EndProject
Project("{FAE04EC0-301F-11D3-BF4B-00C04F79EFBC}") = "260123_6_while_ornek2", "260123_6_while_ornek2\260123_6_while_ornek2.csproj", "{019C47A3-E606-4E2E-83F2-2B48D0924EC2}"
EndProject
Project("{FAE04EC0-301F-11D3-BF4B-00C04F79EFBC}") = "260127_1_Super_sayi_While", "260127_1_Super_sayi_While\260127_1_Super_sayi_While.csproj", "{F30776D9-4DE8-478A-A0AF-8B7E62CDF32E}"
EndProject
Project("{FAE04EC0-301F-11D3-BF4B-00C04F79EFBC}") = "260108_1_Giris_Console", "260108_1_Giris_Console\260108_1_Giris_Console.csproj", "{011E9C86-27BE-4BD1-A7A3-B46C3FD76163}"
EndProject
Project("{FAE04EC0-301F-11D3-BF4B-00C04F79EFBC}") = "260108_2_Tam_Sayi_Degiskenler", "260108_2_Tam_Sayi_Degiskenler\260108_2_Tam_Sayi_Degiskenler.csproj", "{082BB66B-808A-4DD0-A9F0-8B3311C37141}"
EndProject
Project("{FAE04EC0-301F-11D3-BF4B-00C04F79EFBC}") = "260108_3_Ondalik_Degiskenler", "260108_3_Ondalik_Degiskenler\260108_3_Ondalik_Degiskenler.csproj", "{A728EA31-9933-48CC-B627-161146886910}"
EndProject
Project("{FAE04EC0-301F-11D3-BF4B-00C04F79EFBC}") = "260108_4_Metinsel_Degiskenler", "260108_4_Metinsel_Degiskenler\260108_4_Metinsel_Degiskenler.csproj", "{60C435DF-4F24-4D67-8C7A-4B4C3B0A3433}"
EndProject
Project("{FAE04EC0-301F-11D3-BF4B-00C04F79EFBC}") = "260109_1_Tarih_Veri_Tipi", "260109_1_Tarih_Veri_Tipi\260109_1_Tarih_Veri_Tipi.csproj", "{6530196F-90B0-498A-B8D8-DBA18BF0C0A0}"
EndProject
Project("{FAE04EC0-301F-11D3-BF4B-00C04F79EFBC}") = "260109_2_Mantiksal_Veri_Tipi", "260109_2_Mantiksal_Veri_Tipi\260109_2_Mantiksal_Veri_Tipi.csproj", "{57EDB089-F78D-43E9-A2E0-3728042B05C1}"
EndProject
Project("{FAE04EC0-301F-11D3-BF4B-00C04F79EFBC}") = "260109_3_Diger_Data_Tipleri", "260109_3_Diger_Data_Tipleri\260109_3_Diger_Data_Tipleri.csproj", "{EA8ED3C6-9251-49E5-B7FE-69CD5D6003C1}"
EndProject
Project("{FAE04EC0-301F-11D3-BF4B-00C04F79EFBC}") = "260127_2_do_while", "260127_2_do_while\260127_2_do_while.csproj", "{5BBCEDFE-8ABA-446C-BE40-71B19F834654}"
EndProject
Project("{FAE04EC0-301F-11D3-BF4B-00C04F79EFBC}") = "260127_3_do_while_ornek1", "260127_3_do_while_ornek1\260127_3_do_while_ornek1.csproj", "{31D6B61E-1E3A-4EF0-B1DB-A0B254E6B05C}"
EndProject
Project("{FAE04EC0-301F-11D3-BF4B-00C04F79EFBC}") = "260129_1_for_dongusu", "260129_1_for_dongusu\260129_1_for_dongusu.csproj", "{55741406-D64D-4925-B1B6-D7B2A295848D}"
EndProject
Project("{FAE04EC0-301F-11D3-BF4B-00C04F79EFBC}") = "260129_2_for_ornek1", "260129_2_for_ornek1\260129_2_for_ornek1.csproj", "{CBBE1E8A-3D6A-490C-9E07-AC42AF3EFAF1}"
EndProject
Project("{FAE04EC0-301F-11D3-BF4B-00C04F79EFBC}") = "260129_3_for_ornek2", "260129_3_for_ornek2\260129_3_for_ornek2.csproj", "{B07A3885-2D51-46BA-9ACC-B540B28D2486}"
EndProject
Project("{FAE04EC0-301F-11D3-BF4B-00C04F79EFBC}") = "260129_4_for_ters_gosterme", "260129_4_for_ters_gosterme\260129_4_for_ters_gosterme.csproj", "{B7E26407-7339-425B-B901-99709B2C6FA6}"
EndProject
Project("{FAE04EC0-301F-11D3-BF4B-00C04F79EFBC}") = "260129_5_for_dik_ucgen", "260129_5_for_dik_ucgen\260129_5_for_dik_ucgen.csproj", "{340635E8-20BC-4FB9-8224-028D6CC12EAF}"
EndProject
Project("{FAE04EC0-301F-11D3-BF4B-00C04F79EFBC}") = "260129_6_for_dik_ucgen_ters_say", "260129_6_for_dik_ucgen_ters_say\260129_6_for_dik_ucgen_ters_say.csproj", "{909FF3E2-8FAA-4521-928B-0C435CD7865D}"
EndProject
Project("{FAE04EC0-301F-11D3-BF4B-00C04F79EFBC}") = "260129_7_ters_dik_ucgen_for", "260129_7_ters_dik_ucgen_for\260129_7_ters_dik_ucgen_for.csproj", "{29B686F8-6331-4BB4-973C-BA9783F29C90}"
EndProject
Project("{FAE04EC0-301F-11D3-BF4B-00C04F79EFBC}") = "260130_1_Diziler", "260130_1_Diziler\260130_1_Diziler.csproj", "{2BF29C9C-B770-4B06-8123-B11DBBA7E35D}"
EndProject
Project("{FAE04EC0-301F-11D3-BF4B-00C04F79EFBC}") = "260130_2_dizi_ornek1", "260130_2_dizi_ornek1\260130_2_dizi_ornek1.csproj", "{CB7A9434-36FC-4756-BA34-DAD3EDDAAB0F}"
EndProject
Project("{FAE04EC0-301F-11D3-BF4B-00C04F79EFBC}") = "260130_3_dizi_while", "260130_3_dizi_while\260130_3_dizi_while.csproj", "{0FF1AA9D-4C3E-4A2F-9B3B-C7F7CF13C710}"
EndProject
Project("{FAE04EC0-301F-11D3-BF4B-00C04F79EFBC}") = "260130_4_dizi_ornek3", "260130_4_dizi_ornek3\260130_4_dizi_ornek3.csproj", "{D4CB1AAC-D82C-49C1-BBAF-4C4740E1F8F8}"
EndProject
Project("{FAE04EC0-301F-11D3-BF4B-00C04F79EFBC}") = "260130_5_dizi_ornek", "260130_5_dizi_ornek\260130_5_dizi_ornek.csproj", "{CFA8DACB-4036-4792-A19B-FAA8D7C5ABD8}"
EndProject
Project("{FAE04EC0-301F-11D3-BF4B-00C04F79EFBC}") = "260130_6_dizi_random", "260130_6_dizi_random\260130_6_dizi_random.csproj", "{BF058A2E-0447-454A-B9D7-6C28B4735A0A}"
EndProject
Global
	GlobalSection(SolutionConfigurationPlatforms) = preSolution
		Debug|Any CPU = Debug|Any CPU
		Release|Any CPU = Release|Any CPU
	EndGlobalSection
	GlobalSection(ProjectConfigurationPlatforms) = postSolution
		{1DE91718-51D0-410B-B513-7A0676260DB9}.Debug|Any CPU.ActiveCfg = Debug|Any CPU
		{1DE91718-51D0-410B-B513-7A0676260DB9}.Debug|Any CPU.Build.0 = Debug|Any CPU
		{1DE91718-51D0-410B-B513-7A0676260DB9}.Release|Any CPU.ActiveCfg = Release|Any CPU
		{1DE91718-51D0-410B-B513-7A0676260DB9}.Release|Any CPU.Build.0 = Release|Any CPU
		{69CBC961-4F26-40EA-8D6F-B951713449E1}.Debug|Any CPU.ActiveCfg = Debug|Any CPU
		{69CBC961-4F26-40EA-8D6F-B951713449E1}.Debug|Any CPU.Build.0 = Debug|Any CPU
		{69CBC961-4F26-40EA-8D6F-B951713449E1}.Release|Any CPU.ActiveCfg = Release|Any CPU
		{69CBC961-4F26-40EA-8D6F-B951713449E1}.Release|Any CPU.Build.0 = Release|Any CPU
		{2973A0FB-4ADD-4E32-9E13-7BE131DC6D6E}.Debug|Any CPU.ActiveCfg = Debug|Any CPU
		{2973A0FB-4ADD-4E32-9E13-7BE131DC6D6E}.Debug|Any CPU.Build.0 = Debug|Any CPU
		{2973A0FB-4ADD-4E32-9E13-7BE131DC6D6E}.Release|Any CPU.ActiveCfg = Release|Any CPU
		{2973A0FB-4ADD-4E32-9E13-7BE131DC6D6E}.Release|Any CPU.Build.0 = Release|Any CPU
		{5D8CFF8D-3950-43BD-BC12-8EFC84F2E88E}.Debug|Any CPU.ActiveCfg = Debug|Any CPU
		{5D8CFF8D-3950-43BD-BC12-8EFC84F2E88E}.Debug|Any CPU.Build.0 = Debug|Any CPU
		{5D8CFF8D-3950-43BD-BC12-8EFC84F2E88E}.Release|Any CPU.ActiveCfg = Release|Any CPU
		{5D8CFF8D-3950-43BD-BC12-8EFC84F2E88E}.Release|Any CPU.Build.0 = Release|Any CPU
		{1E69D3B9-A99E-482B-876B-1B8725B917F9}.Debug|Any CPU.ActiveCfg = Debug|Any CPU
		{1E69D3B9-A99E-482B-876B-1B8725B917F9}.Debug|Any CPU.Build.0 = Debug|Any CPU
		{1E69D3B9-A99E-482B-876B-1B8725B917F9}.Release|Any CPU.ActiveCfg = Release|Any CPU
		{1E69D3B9-A99E-482B-876B-1B8725B917F9}.Release|Any CPU.Build.0 = Release|Any CPU
		{E67F659B-E382-490B-B31D-B4D05A5A7075}.Debug|Any CPU.ActiveCfg = Debug|Any CPU
		{E67F659B-E382-490B-B31D-B4D05A5A7075}.Debug|Any CPU.Build.0 = Debug|Any CPU
		{E67F659B-E382-490B-B31D-B4D05A5A7075}.Release|Any CPU.ActiveCfg = Release|Any CPU
		{E67F659B-E382-490B-B31D-B4D05A5A7075}.Release|Any CPU.Build.0 = Release|Any CPU
		{F8D79B17-E9C3-42C8-8D15-3FB105AF1D31}.Debug|Any CPU.ActiveCfg = Debug|Any CPU
		{F8D79B17-E9C3-42C8-8D15-3FB105AF1D31}.Debug|Any CPU.Build.0 = Debug|Any CPU
		{F8D79B17-E9C3-42C8-8D15-3FB105AF1D31}.Release|Any CPU.ActiveCfg = Release|Any CPU
		{F8D79B17-E9C3-42C8-8D15-3FB105AF1D31}.Release|Any CPU.Build.0 = Release|Any CPU
		{834829AD-F34B-438A-84FA-797164FB2C15}.Debug|Any CPU.ActiveCfg = Debug|Any CPU
		{834829AD-F34B-438A-84FA-797164FB2C15}.Debug|Any CPU.Build.0 = Debug|Any CPU
		{834829AD-F34B-438A-84FA-797164FB2C15}.Release|Any CPU.ActiveCfg = Release|Any CPU
		{834829AD-F34B-438A-84FA-797164FB2C15}.Release|Any CPU.Build.0 = Release|Any CPU
		{2220D711-D14C-4826-98B3-9C49CD57FB16}.Debug|Any CPU.ActiveCfg = Debug|Any CPU
		{2220D711-D14C-4826-98B3-9C49CD57FB16}.Debug|Any CPU.Build.0 = Debug|Any CPU
		{2220D711-D14C-4826-98B3-9C49CD57FB16}.Release|Any CPU.ActiveCfg = Release|Any CPU
		{2220D711-D14C-4826-98B3-9C49CD57FB16}.Release|Any CPU.Build.0 = Release|Any CPU
		{19BB09D6-57AD-42DA-9482-AADF6D5C5996}.Debug|Any CPU.ActiveCfg = Debug|Any CPU
		{19BB09D6-57AD-42DA-9482-AADF6D5C5996}.Debug|Any CPU.Build.0 = Debug|Any CPU
		{19BB09D6-57AD-42DA-9482-AADF6D5C5996}.Release|Any CPU.ActiveCfg = Release|Any CPU
		{19BB09D6-57AD-42DA-9482-AADF6D5C5996}.Release|Any CPU.Build.0 = Release|Any CPU
		{3E8FD680-2753-4636-9C2D-BE25F310ED25}.Debug|Any CPU.ActiveCfg = Debug|Any CPU
		{3E8FD680-2753-4636-9C2D-BE25F310ED25}.Debug|Any CPU.Build.0 = Debug|Any CPU
		{3E8FD680-2753-4636-9C2D-BE25F310ED25}.Release|Any CPU.ActiveCfg = Release|Any CPU
		{3E8FD680-2753-4636-9C2D-BE25F310ED25}.Release|Any CPU.Build.0 = Release|Any CPU
		{62C042C3-3283-469F-BBB9-4D7F2845C741}.Debug|Any CPU.ActiveCfg = Debug|Any CPU
		{62C042C3-3283-469F-BBB9-4D7F2845C741}.Debug|Any CPU.Build.0 = Debug|Any CPU
		{62C042C3-3283-469F-BBB9-4D7F2845C741}.Release|Any CPU.ActiveCfg = Release|Any CPU
		{62C042C3-3283-469F-BBB9-4D7F2845C741}.Release|Any CPU.Build.0 = Release|Any CPU
		{631E3D29-C3D7-4A39-96A9-3E7B500389B7}.Debug|Any CPU.ActiveCfg = Debug|Any CPU
		{631E3D29-C3D7-4A39-96A9-3E7B500389B7}.Debug|Any CPU.Build.0 = Debug|Any CPU
		{631E3D29-C3D7-4A39-96A9-3E7B500389B7}.Release|Any CPU.ActiveCfg = Release|Any CPU
		{631E3D29-C3D7-4A39-96A9-3E7B500389B7}.Release|Any CPU.Build.0 = Release|Any CPU
		{F64F71B3-DF81-43EE-9132-A7F91765D6C1}.Debug|Any CPU.ActiveCfg = Debug|Any CPU
		{F64F71B3-DF81-43EE-9132-A7F91765D6C1}.Debug|Any CPU.Build.0 = Debug|Any CPU
		{F64F71B3-DF81-43EE-9132-A7F91765D6C1}.Release|Any CPU.ActiveCfg = Release|Any CPU
		{F64F71B3-DF81-43EE-9132-A7F91765D6C1}.Release|Any CPU.Build.0 = Release|Any CPU
		{AEDF336D-2C0C-487A-AFD0-1FEB94C6D818}.Debug|Any CPU.ActiveCfg = Debug|Any CPU
		{AEDF336D-2C0C-487A-AFD0-1FEB94C6D818}.Debug|Any CPU.Build.0 = Debug|Any CPU
		{AEDF336D-2C0C-487A-AFD0-1FEB94C6D818}.Release|Any CPU.ActiveCfg = Release|Any CPU
		{AEDF336D-2C0C-487A-AFD0-1FEB94C6D818}.Release|Any CPU.Build.0 = Release|Any CPU
		{1F32AD32-438D-4D28-A83F-F4FD03F3F762}.Debug|Any CPU.ActiveCfg = Debug|Any CPU
		{1F32AD32-438D-4D28-A83F-F4FD03F3F762}.Debug|Any CPU.Build.0 = Debug|Any CPU
		{1F32AD32-438D-4D28-A83F-F4FD03F3F762}.Release|Any CPU.ActiveCfg = Release|Any CPU
		{1F32AD32-438D-4D28-A83F-F4FD03F3F762}.Release|Any CPU.Build.0 = Release|Any CPU
		{50955DBE-BF78-4098-B8B5-257E85AA937D}.Debug|Any CPU.ActiveCfg = Debug|Any CPU
		{50955DBE-BF78-4098-B8B5-257E85AA937D}.Debug|Any CPU.Build.0 = Debug|Any CPU
		{50955DBE-BF78-4098-B8B5-257E85AA937D}.Release|Any CPU.ActiveCfg = Release|Any CPU
		{50955DBE-BF78-4098-B8B5-257E85AA937D}.Release|Any CPU.Build.0 = Release|Any CPU
		{9423D0B9-87ED-4DE2-8CE4-D8B5F7ACA240}.Debug|Any CPU.ActiveCfg = Debug|Any CPU
		{9423D0B9-87ED-4DE2-8CE4-D8B5F7ACA240}.Debug|Any CPU.Build.0 = Debug|Any CPU
		{9423D0B9-87ED-4DE2-8CE4-D8B5F7ACA240}.Release|Any CPU.ActiveCfg = Release|Any CPU
		{9423D0B9-87ED-4DE2-8CE4-D8B5F7ACA240}.Release|Any CPU.Build.0 = Release|Any CPU
		{05B03010-7570-48D0-B784-481D97D89E29}.Debug|Any CPU.ActiveCfg = Debug|Any CPU
		{05B03010-7570-48D0-B784-481D97D89E29}.Debug|Any CPU.Build.0 = Debug|Any CPU
		{05B03010-7570-48D0-B784-481D97D89E29}.Release|Any CPU.ActiveCfg = Release|Any CPU
		{05B03010-7570-48D0-B784-481D97D89E29}.Release|Any CPU.Build.0 = Release|Any CPU
		{EE7797A1-CA45-4A29-A420-181826DF4D18}.Debug|Any CPU.ActiveCfg = Debug|Any CPU
		{EE7797A1-CA45-4A29-A420-181826DF4D18}.Debug|Any CPU.Build.0 = Debug|Any CPU
		{EE7797A1-CA45-4A29-A420-181826DF4D18}.Release|Any CPU.ActiveCfg = Release|Any CPU
		{EE7797A1-CA45-4A29-A420-181826DF4D18}.Release|Any CPU.Build.0 = Release|Any CPU
		{F899BA39-981D-458F-8890-36466DA54E86}.Debug|Any CPU.ActiveCfg = Debug|Any CPU
		{F899BA39-981D-458F-8890-36466DA54E86}.Debug|Any CPU.Build.0 = Debug|Any CPU
		{F899BA39-981D-458F-8890-36466DA54E86}.Release|Any CPU.ActiveCfg = Release|Any CPU
		{F899BA39-981D-458F-8890-36466DA54E86}.Release|Any CPU.Build.0 = Release|Any CPU
		{56DBCBB3-E9FD-41D4-A912-B8C7A69EFFEA}.Debug|Any CPU.ActiveCfg = Debug|Any CPU
		{56DBCBB3-E9FD-41D4-A912-B8C7A69EFFEA}.Debug|Any CPU.Build.0 = Debug|Any CPU
		{56DBCBB3-E9FD-41D4-A912-B8C7A69EFFEA}.Release|Any CPU.ActiveCfg = Release|Any CPU
		{56DBCBB3-E9FD-41D4-A912-B8C7A69EFFEA}.Release|Any CPU.Build.0 = Release|Any CPU
		{3720B44C-BD1A-4FAD-9AE5-92D1AD13FB0C}.Debug|Any CPU.ActiveCfg = Debug|Any CPU
		{3720B44C-BD1A-4FAD-9AE5-92D1AD13FB0C}.Debug|Any CPU.Build.0 = Debug|Any CPU
		{3720B44C-BD1A-4FAD-9AE5-92D1AD13FB0C}.Release|Any CPU.ActiveCfg = Release|Any CPU
		{3720B44C-BD1A-4FAD-9AE5-92D1AD13FB0C}.Release|Any CPU.Build.0 = Release|Any CPU
		{A61C5593-39CC-47E1-AEF2-89365BE267AD}.Debug|Any CPU.ActiveCfg = Debug|Any CPU
		{A61C5593-39CC-47E1-AEF2-89365BE267AD}.Debug|Any CPU.Build.0 = Debug|Any CPU
		{A61C5593-39CC-47E1-AEF2-89365BE267AD}.Release|Any CPU.ActiveCfg = Release|Any CPU
		{A61C5593-39CC-47E1-AEF2-89365BE267AD}.Release|Any CPU.Build.0 = Release|Any CPU
		{640B8541-75A8-4963-928C-AE63A8E8F940}.Debug|Any CPU.ActiveCfg = Debug|Any CPU
		{640B8541-75A8-4963-928C-AE63A8E8F940}.Debug|Any CPU.Build.0 = Debug|Any CPU
		{640B8541-75A8-4963-928C-AE63A8E8F940}.Release|Any CPU.ActiveCfg = Release|Any CPU
		{640B8541-75A8-4963-928C-AE63A8E8F940}.Release|Any CPU.Build.0 = Release|Any CPU
		{ED364294-6EB1-4DD1-9E0E-211B89EE819E}.Debug|Any CPU.ActiveCfg = Debug|Any CPU
		{ED364294-6EB1-4DD1-9E0E-211B89EE819E}.Debug|Any CPU.Build.0 = Debug|Any CPU
		{ED364294-6EB1-4DD1-9E0E-211B89EE819E}.Release|Any CPU.ActiveCfg = Release|Any CPU
		{ED364294-6EB1-4DD1-9E0E-211B89EE819E}.Release|Any CPU.Build.0 = Release|Any CPU
		{7E778183-F602-4FB5-88AC-6DD33C211D38}.Debug|Any CPU.ActiveCfg = Debug|Any CPU
		{7E778183-F602-4FB5-88AC-6DD33C211D38}.Debug|Any CPU.Build.0 = Debug|Any CPU
		{7E778183-F602-4FB5-88AC-6DD33C211D38}.Release|Any CPU.ActiveCfg = Release|Any CPU
		{7E778183-F602-4FB5-88AC-6DD33C211D38}.Release|Any CPU.Build.0 = Release|Any CPU
		{019C47A3-E606-4E2E-83F2-2B48D0924EC2}.Debug|Any CPU.ActiveCfg = Debug|Any CPU
		{019C47A3-E606-4E2E-83F2-2B48D0924EC2}.Debug|Any CPU.Build.0 = Debug|Any CPU
		{019C47A3-E606-4E2E-83F2-2B48D0924EC2}.Release|Any CPU.ActiveCfg = Release|Any CPU
		{019C47A3-E606-4E2E-83F2-2B48D0924EC2}.Release|Any CPU.Build.0 = Release|Any CPU
		{F30776D9-4DE8-478A-A0AF-8B7E62CDF32E}.Debug|Any CPU.ActiveCfg = Debug|Any CPU
		{F30776D9-4DE8-478A-A0AF-8B7E62CDF32E}.Debug|Any CPU.Build.0 = Debug|Any CPU
		{F30776D9-4DE8-478A-A0AF-8B7E62CDF32E}.Release|Any CPU.ActiveCfg = Release|Any CPU
		{F30776D9-4DE8-478A-A0AF-8B7E62CDF32E}.Release|Any CPU.Build.0 = Release|Any CPU
		{011E9C86-27BE-4BD1-A7A3-B46C3FD76163}.Debug|Any CPU.ActiveCfg = Debug|Any CPU
		{011E9C86-27BE-4BD1-A7A3-B46C3FD76163}.Debug|Any CPU.Build.0 = Debug|Any CPU
		{011E9C86-27BE-4BD1-A7A3-B46C3FD76163}.Release|Any CPU.ActiveCfg = Release|Any CPU
		{011E9C86-27BE-4BD1-A7A3-B46C3FD76163}.Release|Any CPU.Build.0 = Release|Any CPU
		{082BB66B-808A-4DD0-A9F0-8B3311C37141}.Debug|Any CPU.ActiveCfg = Debug|Any CPU
		{082BB66B-808A-4DD0-A9F0-8B3311C37141}.Debug|Any CPU.Build.0 = Debug|Any CPU
		{082BB66B-808A-4DD0-A9F0-8B3311C37141}.Release|Any CPU.ActiveCfg = Release|Any CPU
		{082BB66B-808A-4DD0-A9F0-8B3311C37141}.Release|Any CPU.Build.0 = Release|Any CPU
		{A728EA31-9933-48CC-B627-161146886910}.Debug|Any CPU.ActiveCfg = Debug|Any CPU
		{A728EA31-9933-48CC-B627-161146886910}.Debug|Any CPU.Build.0 = Debug|Any CPU
		{A728EA31-9933-48CC-B627-161146886910}.Release|Any CPU.ActiveCfg = Release|Any CPU
		{A728EA31-9933-48CC-B627-161146886910}.Release|Any CPU.Build.0 = Release|Any CPU
		{60C435DF-4F24-4D67-8C7A-4B4C3B0A3433}.Debug|Any CPU.ActiveCfg = Debug|Any CPU
		{60C435DF-4F24-4D67-8C7A-4B4C3B0A3433}.Debug|Any CPU.Build.0 = Debug|Any CPU
		{60C435DF-4F24-4D67-8C7A-4B4C3B0A3433}.Release|Any CPU.ActiveCfg = Release|Any CPU
		{60C435DF-4F24-4D67-8C7A-4B4C3B0A3433}.Release|Any CPU.Build.0 = Release|Any CPU
		{6530196F-90B0-498A-B8D8-DBA18BF0C0A0}.Debug|Any CPU.ActiveCfg = Debug|Any CPU
		{6530196F-90B0-498A-B8D8-DBA18BF0C0A0}.Debug|Any CPU.Build.0 = Debug|Any CPU
		{6530196F-90B0-498A-B8D8-DBA18BF0C0A0}.Release|Any CPU.ActiveCfg = Release|Any CPU
		{6530196F-90B0-498A-B8D8-DBA18BF0C0A0}.Release|Any CPU.Build.0 = Release|Any CPU
		{57EDB089-F78D-43E9-A2E0-3728042B05C1}.Debug|Any CPU.ActiveCfg = Debug|Any CPU
		{57EDB089-F78D-43E9-A2E0-3728042B05C1}.Debug|Any CPU.Build.0 = Debug|Any CPU
		{57EDB089-F78D-43E9-A2E0-3728042B05C1}.Release|Any CPU.ActiveCfg = Release|Any CPU
		{57EDB089-F78D-43E9-A2E0-3728042B05C1}.Release|Any CPU.Build.0 = Release|Any CPU
		{EA8ED3C6-9251-49E5-B7FE-69CD5D6003C1}.Debug|Any CPU.ActiveCfg = Debug|Any CPU
		{EA8ED3C6-9251-49E5-B7FE-69CD5D6003C1}.Debug|Any CPU.Build.0 = Debug|Any CPU
		{EA8ED3C6-9251-49E5-B7FE-69CD5D6003C1}.Release|Any CPU.ActiveCfg = Release|Any CPU
		{EA8ED3C6-9251-49E5-B7FE-69CD5D6003C1}.Release|Any CPU.Build.0 = Release|Any CPU
		{5BBCEDFE-8ABA-446C-BE40-71B19F834654}.Debug|Any CPU.ActiveCfg = Debug|Any CPU
		{5BBCEDFE-8ABA-446C-BE40-71B19F834654}.Debug|Any CPU.Build.0 = Debug|Any CPU
		{5BBCEDFE-8ABA-446C-BE40-71B19F834654}.Release|Any CPU.ActiveCfg = Release|Any CPU
		{5BBCEDFE-8ABA-446C-BE40-71B19F834654}.Release|Any CPU.Build.0 = Release|Any CPU
		{31D6B61E-1E3A-4EF0-B1DB-A0B254E6B05C}.Debug|Any CPU.ActiveCfg = Debug|Any CPU
		{31D6B61E-1E3A-4EF0-B1DB-A0B254E6B05C}.Debug|Any CPU.Build.0 = Debug|Any CPU
		{31D6B61E-1E3A-4EF0-B1DB-A0B254E6B05C}.Release|Any CPU.ActiveCfg = Release|Any CPU
		{31D6B61E-1E3A-4EF0-B1DB-A0B254E6B05C}.Release|Any CPU.Build.0 = Release|Any CPU
		{55741406-D64D-4925-B1B6-D7B2A295848D}.Debug|Any CPU.ActiveCfg = Debug|Any CPU
		{55741406-D64D-4925-B1B6-D7B2A295848D}.Debug|Any CPU.Build.0 = Debug|Any CPU
		{55741406-D64D-4925-B1B6-D7B2A295848D}.Release|Any CPU.ActiveCfg = Release|Any CPU
		{55741406-D64D-4925-B1B6-D7B2A295848D}.Release|Any CPU.Build.0 = Release|Any CPU
		{CBBE1E8A-3D6A-490C-9E07-AC42AF3EFAF1}.Debug|Any CPU.ActiveCfg = Debug|Any CPU
		{CBBE1E8A-3D6A-490C-9E07-AC42AF3EFAF1}.Debug|Any CPU.Build.0 = Debug|Any CPU
		{CBBE1E8A-3D6A-490C-9E07-AC42AF3EFAF1}.Release|Any CPU.ActiveCfg = Release|Any CPU
		{CBBE1E8A-3D6A-490C-9E07-AC42AF3EFAF1}.Release|Any CPU.Build.0 = Release|Any CPU
		{B07A3885-2D51-46BA-9ACC-B540B28D2486}.Debug|Any CPU.ActiveCfg = Debug|Any CPU
		{B07A3885-2D51-46BA-9ACC-B540B28D2486}.Debug|Any CPU.Build.0 = Debug|Any CPU
		{B07A3885-2D51-46BA-9ACC-B540B28D2486}.Release|Any CPU.ActiveCfg = Release|Any CPU
		{B07A3885-2D51-46BA-9ACC-B540B28D2486}.Release|Any CPU.Build.0 = Release|Any CPU
		{B7E26407-7339-425B-B901-99709B2C6FA6}.Debug|Any CPU.ActiveCfg = Debug|Any CPU
		{B7E26407-7339-425B-B901-99709B2C6FA6}.Debug|Any CPU.Build.0 = Debug|Any CPU
		{B7E26407-7339-425B-B901-99709B2C6FA6}.Release|Any CPU.ActiveCfg = Release|Any CPU
		{B7E26407-7339-425B-B901-99709B2C6FA6}.Release|Any CPU.Build.0 = Release|Any CPU
		{340635E8-20BC-4FB9-8224-028D6CC12EAF}.Debug|Any CPU.ActiveCfg = Debug|Any CPU
		{340635E8-20BC-4FB9-8224-028D6CC12EAF}.Debug|Any CPU.Build.0 = Debug|Any CPU
		{340635E8-20BC-4FB9-8224-028D6CC12EAF}.Release|Any CPU.ActiveCfg = Release|Any CPU
		{340635E8-20BC-4FB9-8224-028D6CC12EAF}.Release|Any CPU.Build.0 = Release|Any CPU
		{909FF3E2-8FAA-4521-928B-0C435CD7865D}.Debug|Any CPU.ActiveCfg = Debug|Any CPU
		{909FF3E2-8FAA-4521-928B-0C435CD7865D}.Debug|Any CPU.Build.0 = Debug|Any CPU
		{909FF3E2-8FAA-4521-928B-0C435CD7865D}.Release|Any CPU.ActiveCfg = Release|Any CPU
		{909FF3E2-8FAA-4521-928B-0C435CD7865D}.Release|Any CPU.Build.0 = Release|Any CPU
		{29B686F8-6331-4BB4-973C-BA9783F29C90}.Debug|Any CPU.ActiveCfg = Debug|Any CPU
		{29B686F8-6331-4BB4-973C-BA9783F29C90}.Debug|Any CPU.Build.0 = Debug|Any CPU
		{29B686F8-6331-4BB4-973C-BA9783F29C90}.Release|Any CPU.ActiveCfg = Release|Any CPU
		{29B686F8-6331-4BB4-973C-BA9783F29C90}.Release|Any CPU.Build.0 = Release|Any CPU
		{2BF29C9C-B770-4B06-8123-B11DBBA7E35D}.Debug|Any CPU.ActiveCfg = Debug|Any CPU
		{2BF29C9C-B770-4B06-8123-B11DBBA7E35D}.Debug|Any CPU.Build.0 = Debug|Any CPU
		{2BF29C9C-B770-4B06-8123-B11DBBA7E35D}.Release|Any CPU.ActiveCfg = Release|Any CPU
		{2BF29C9C-B770-4B06-8123-B11DBBA7E35D}.Release|Any CPU.Build.0 = Release|Any CPU
		{CB7A9434-36FC-4756-BA34-DAD3EDDAAB0F}.Debug|Any CPU.ActiveCfg = Debug|Any CPU
		{CB7A9434-36FC-4756-BA34-DAD3EDDAAB0F}.Debug|Any CPU.Build.0 = Debug|Any CPU
		{CB7A9434-36FC-4756-BA34-DAD3EDDAAB0F}.Release|Any CPU.ActiveCfg = Release|Any CPU
		{CB7A9434-36FC-4756-BA34-DAD3EDDAAB0F}.Release|Any CPU.Build.0 = Release|Any CPU
		{0FF1AA9D-4C3E-4A2F-9B3B-C7F7CF13C710}.Debug|Any CPU.ActiveCfg = Debug|Any CPU
		{0FF1AA9D-4C3E-4A2F-9B3B-C7F7CF13C710}.Debug|Any CPU.Build.0 = Debug|Any CPU
		{0FF1AA9D-4C3E-4A2F-9B3B-C7F7CF13C710}.Release|Any CPU.ActiveCfg = Release|Any CPU
		{0FF1AA9D-4C3E-4A2F-9B3B-C7F7CF13C710}.Release|Any CPU.Build.0 = Release|Any CPU
		{D4CB1AAC-D82C-49C1-BBAF-4C4740E1F8F8}.Debug|Any CPU.ActiveCfg = Debug|Any CPU
		{D4CB1AAC-D82C-49C1-BBAF-4C4740E1F8F8}.Debug|Any CPU.Build.0 = Debug|Any CPU
		{D4CB1AAC-D82C-49C1-BBAF-4C4740E1F8F8}.Release|Any CPU.ActiveCfg = Release|Any CPU
		{D4CB1AAC-D82C-49C1-BBAF-4C4740E1F8F8}.Release|Any CPU.Build.0 = Release|Any CPU
		{CFA8DACB-4036-4792-A19B-FAA8D7C5ABD8}.Debug|Any CPU.ActiveCfg = Debug|Any CPU
		{CFA8DACB-4036-4792-A19B-FAA8D7C5ABD8}.Debug|Any CPU.Build.0 = Debug|Any CPU
		{CFA8DACB-4036-4792-A19B-FAA8D7C5ABD8}.Release|Any CPU.ActiveCfg = Release|Any CPU
		{CFA8DACB-4036-4792-A19B-FAA8D7C5ABD8}.Release|Any CPU.Build.0 = Release|Any CPU
		{BF058A2E-0447-454A-B9D7-6C28B4735A0A}.Debug|Any CPU.ActiveCfg = Debug|Any CPU
		{BF058A2E-0447-454A-B9D7-6C28B4735A0A}.Debug|Any CPU.Build.0 = Debug|Any CPU
		{BF058A2E-0447-454A-B9D7-6C28B4735A0A}.Release|Any CPU.ActiveCfg = Release|Any CPU
		{BF058A2E-0447-454A-B9D7-6C28B4735A0A}.Release|Any CPU.Build.0 = Release|Any CPU
	EndGlobalSection
	GlobalSection(SolutionProperties) = preSolution
		HideSolutionNode = FALSE
	EndGlobalSection
	GlobalSection(NestedProjects) = preSolution
		{1DE91718-51D0-410B-B513-7A0676260DB9} = {8B4CE903-3AAD-4F8C-9E61-E18A65184B8A}
		{69CBC961-4F26-40EA-8D6F-B951713449E1} = {8B4CE903-3AAD-4F8C-9E61-E18A65184B8A}
		{2973A0FB-4ADD-4E32-9E13-7BE131DC6D6E} = {8B4CE903-3AAD-4F8C-9E61-E18A65184B8A}
		{5D8CFF8D-3950-43BD-BC12-8EFC84F2E88E} = {8B4CE903-3AAD-4F8C-9E61-E18A65184B8A}
		{1E69D3B9-A99E-482B-876B-1B8725B917F9} = {8B4CE903-3AAD-4F8C-9E61-E18A65184B8A}
		{E67F659B-E382-490B-B31D-B4D05A5A7075} = {8B4CE903-3AAD-4F8C-9E61-E18A65184B8A}
		{F8D79B17-E9C3-42C8-8D15-3FB105AF1D31} = {8215100C-EC87-4E95-9329-BBF963A669DF}
		{834829AD-F34B-438A-84FA-797164FB2C15} = {8215100C-EC87-4E95-9329-BBF963A669DF}
		{2220D711-D14C-4826-98B3-9C49CD57FB16} = {8215100C-EC87-4E95-9329-BBF963A669DF}
		{19BB09D6-57AD-42DA-9482-AADF6D5C5996} = {8215100C-EC87-4E95-9329-BBF963A669DF}
		{3E8FD680-2753-4636-9C2D-BE25F310ED25} = {8215100C-EC87-4E95-9329-BBF963A669DF}
		{62C042C3-3283-469F-BBB9-4D7F2845C741} = {8215100C-EC87-4E95-9329-BBF963A669DF}
		{631E3D29-C3D7-4A39-96A9-3E7B500389B7} = {E7FEBC06-D2FF-41C8-9194-49A945ED4F04}
		{F64F71B3-DF81-43EE-9132-A7F91765D6C1} = {E7FEBC06-D2FF-41C8-9194-49A945ED4F04}
		{AEDF336D-2C0C-487A-AFD0-1FEB94C6D818} = {E7FEBC06-D2FF-41C8-9194-49A945ED4F04}
		{1F32AD32-438D-4D28-A83F-F4FD03F3F762} = {E7FEBC06-D2FF-41C8-9194-49A945ED4F04}
		{50955DBE-BF78-4098-B8B5-257E85AA937D} = {E7FEBC06-D2FF-41C8-9194-49A945ED4F04}
		{9423D0B9-87ED-4DE2-8CE4-D8B5F7ACA240} = {E7FEBC06-D2FF-41C8-9194-49A945ED4F04}
		{05B03010-7570-48D0-B784-481D97D89E29} = {E7FEBC06-D2FF-41C8-9194-49A945ED4F04}
		{EE7797A1-CA45-4A29-A420-181826DF4D18} = {E7FEBC06-D2FF-41C8-9194-49A945ED4F04}
		{F899BA39-981D-458F-8890-36466DA54E86} = {E7FEBC06-D2FF-41C8-9194-49A945ED4F04}
		{56DBCBB3-E9FD-41D4-A912-B8C7A69EFFEA} = {E7FEBC06-D2FF-41C8-9194-49A945ED4F04}
		{3720B44C-BD1A-4FAD-9AE5-92D1AD13FB0C} = {E7FEBC06-D2FF-41C8-9194-49A945ED4F04}
		{A61C5593-39CC-47E1-AEF2-89365BE267AD} = {E7FEBC06-D2FF-41C8-9194-49A945ED4F04}
		{640B8541-75A8-4963-928C-AE63A8E8F940} = {E7FEBC06-D2FF-41C8-9194-49A945ED4F04}
		{ED364294-6EB1-4DD1-9E0E-211B89EE819E} = {A5A71DC1-41F8-45DB-B408-DB498B15C479}
		{7E778183-F602-4FB5-88AC-6DD33C211D38} = {A5A71DC1-41F8-45DB-B408-DB498B15C479}
		{019C47A3-E606-4E2E-83F2-2B48D0924EC2} = {A5A71DC1-41F8-45DB-B408-DB498B15C479}
		{F30776D9-4DE8-478A-A0AF-8B7E62CDF32E} = {A5A71DC1-41F8-45DB-B408-DB498B15C479}
		{011E9C86-27BE-4BD1-A7A3-B46C3FD76163} = {02EA681E-C7D8-13C7-8484-4AC65E1B71E8}
		{082BB66B-808A-4DD0-A9F0-8B3311C37141} = {02EA681E-C7D8-13C7-8484-4AC65E1B71E8}
		{A728EA31-9933-48CC-B627-161146886910} = {02EA681E-C7D8-13C7-8484-4AC65E1B71E8}
		{60C435DF-4F24-4D67-8C7A-4B4C3B0A3433} = {02EA681E-C7D8-13C7-8484-4AC65E1B71E8}
		{6530196F-90B0-498A-B8D8-DBA18BF0C0A0} = {02EA681E-C7D8-13C7-8484-4AC65E1B71E8}
		{57EDB089-F78D-43E9-A2E0-3728042B05C1} = {02EA681E-C7D8-13C7-8484-4AC65E1B71E8}
		{EA8ED3C6-9251-49E5-B7FE-69CD5D6003C1} = {02EA681E-C7D8-13C7-8484-4AC65E1B71E8}
		{5BBCEDFE-8ABA-446C-BE40-71B19F834654} = {A5A71DC1-41F8-45DB-B408-DB498B15C479}
		{31D6B61E-1E3A-4EF0-B1DB-A0B254E6B05C} = {A5A71DC1-41F8-45DB-B408-DB498B15C479}
		{55741406-D64D-4925-B1B6-D7B2A295848D} = {A5A71DC1-41F8-45DB-B408-DB498B15C479}
		{CBBE1E8A-3D6A-490C-9E07-AC42AF3EFAF1} = {A5A71DC1-41F8-45DB-B408-DB498B15C479}
		{B07A3885-2D51-46BA-9ACC-B540B28D2486} = {A5A71DC1-41F8-45DB-B408-DB498B15C479}
		{B7E26407-7339-425B-B901-99709B2C6FA6} = {A5A71DC1-41F8-45DB-B408-DB498B15C479}
		{340635E8-20BC-4FB9-8224-028D6CC12EAF} = {A5A71DC1-41F8-45DB-B408-DB498B15C479}
		{909FF3E2-8FAA-4521-928B-0C435CD7865D} = {A5A71DC1-41F8-45DB-B408-DB498B15C479}
		{29B686F8-6331-4BB4-973C-BA9783F29C90} = {A5A71DC1-41F8-45DB-B408-DB498B15C479}
		{2BF29C9C-B770-4B06-8123-B11DBBA7E35D} = {A5A71DC1-41F8-45DB-B408-DB498B15C479}
		{CB7A9434-36FC-4756-BA34-DAD3EDDAAB0F} = {A5A71DC1-41F8-45DB-B408-DB498B15C479}
		{0FF1AA9D-4C3E-4A2F-9B3B-C7F7CF13C710} = {A5A71DC1-41F8-45DB-B408-DB498B15C479}
		{D4CB1AAC-D82C-49C1-BBAF-4C4740E1F8F8} = {A5A71DC1-41F8-45DB-B408-DB498B15C479}
		{CFA8DACB-4036-4792-A19B-FAA8D7C5ABD8} = {A5A71DC1-41F8-45DB-B408-DB498B15C479}
		{BF058A2E-0447-454A-B9D7-6C28B4735A0A} = {A5A71DC1-41F8-45DB-B408-DB498B15C479}
	EndGlobalSection
	GlobalSection(ExtensibilityGlobals) = postSolution
		SolutionGuid = {6CBE770D-709C-47E1-93E9-9019B5A6F401}
	EndGlobalSection
EndGlobal
