
Microsoft Visual Studio Solution File, Format Version 12.00
# Visual Studio Version 17
VisualStudioVersion = 17.14.36109.1
MinimumVisualStudioVersion = 10.0.40219.1
Project("{2150E333-8FDC-42A3-9474-1A3956D46DE8}") = "Konu1_Veri_Tipleri", "Konu1_Veri_Tipleri", "{02EA681E-C7D8-13C7-8484-4AC65E1B71E8}"
EndProject
Project("{2150E333-8FDC-42A3-9474-1A3956D46DE8}") = "Konu2_Tip_Donusumleri", "Konu2_Tip_Donusumleri", "{8B4CE903-3AAD-4F8C-9E61-E18A65184B8A}"
EndProject
Project("{2150E333-8FDC-42A3-9474-1A3956D46DE8}") = "Konu3_Operatorler", "Konu3_Operatorler", "{8215100C-EC87-4E95-9329-BBF963A669DF}"
EndProject
Project("{FAE04EC0-301F-11D3-BF4B-00C04F79EFBC}") = "260109_4_Convert_Tip_Donusumleri", "260109_4_Convert_Tip_Donusumleri\260109_4_Convert_Tip_Donusumleri.csproj", "{1DE91718-51D0-410B-B513-7A0676260DB9}"
EndProject
Project("{FAE04EC0-301F-11D3-BF4B-00C04F79EFBC}") = "260113_1_Parse_Tip_Donusumu", "260113_1_Parse_Tip_Donusumu\260113_1_Parse_Tip_Donusumu.csproj", "{69CBC961-4F26-40EA-8D6F-B951713449E1}"
EndProject
Project("{FAE04EC0-301F-11D3-BF4B-00C04F79EFBC}") = "260113_2_Cast_Tip_Donusumu", "260113_2_Cast_Tip_Donusumu\260113_2_Cast_Tip_Donusumu.csproj", "{2973A0FB-4ADD-4E32-9E13-7BE131DC6D6E}"
EndProject
Project("{FAE04EC0-301F-11D3-BF4B-00C04F79EFBC}") = "260113_3_Tostring_Tip_Donusumu", "260113_3_Tostring_Tip_Donusumu\260113_3_Tostring_Tip_Donusumu.csproj", "{5D8CFF8D-3950-43BD-BC12-8EFC84F2E88E}"
EndProject
Project("{FAE04EC0-301F-11D3-BF4B-00C04F79EFBC}") = "260113_4_Ornek", "260113_4_Ornek\260113_4_Ornek.csproj", "{1E69D3B9-A99E-482B-876B-1B8725B917F9}"
EndProject
Project("{FAE04EC0-301F-11D3-BF4B-00C04F79EFBC}") = "261301_5_Odevler", "261301_5_Odevler\261301_5_Odevler.csproj", "{E67F659B-E382-490B-B31D-B4D05A5A7075}"
EndProject
Project("{FAE04EC0-301F-11D3-BF4B-00C04F79EFBC}") = "260115_1_Aritmetik_Operatorler", "260115_1_Aritmetik_Operatorler\260115_1_Aritmetik_Operatorler.csproj", "{F8D79B17-E9C3-42C8-8D15-3FB105AF1D31}"
EndProject
Project("{FAE04EC0-301F-11D3-BF4B-00C04F79EFBC}") = "260115_2_Karsilastirma_Operatorleri", "260115_2_Karsilastirma_Operatorleri\260115_2_Karsilastirma_Operatorleri.csproj", "{834829AD-F34B-438A-84FA-797164FB2C15}"
EndProject
Project("{FAE04EC0-301F-11D3-BF4B-00C04F79EFBC}") = "260115_3_Mantiksal_Operatorler", "260115_3_Mantiksal_Operatorler\260115_3_Mantiksal_Operatorler.csproj", "{2220D711-D14C-4826-98B3-9C49CD57FB16}"
EndProject
Project("{FAE04EC0-301F-11D3-BF4B-00C04F79EFBC}") = "260115_4_Ornek_Operatorler", "260115_4_Ornek_Operatorler\260115_4_Ornek_Operatorler.csproj", "{19BB09D6-57AD-42DA-9482-AADF6D5C5996}"
EndProject
Project("{FAE04EC0-301F-11D3-BF4B-00C04F79EFBC}") = "260116_1_Atama_Operatorleri", "260116_1_Atama_Operatorleri\260116_1_Atama_Operatorleri.csproj", "{3E8FD680-2753-4636-9C2D-BE25F310ED25}"
EndProject
Global
	GlobalSection(SolutionConfigurationPlatforms) = preSolution
		Debug|Any CPU = Debug|Any CPU
		Release|Any CPU = Release|Any CPU
	EndGlobalSection
	GlobalSection(ProjectConfigurationPlatforms) = postSolution
		{1DE91718-51D0-410B-B513-7A0676260DB9}.Debug|Any CPU.ActiveCfg = Debug|Any CPU
		{1DE91718-51D0-410B-B513-7A0676260DB9}.Debug|Any CPU.Build.0 = Debug|Any CPU
		{1DE91718-51D0-410B-B513-7A0676260DB9}.Release|Any CPU.ActiveCfg = Release|Any CPU
		{1DE91718-51D0-410B-B513-7A0676260DB9}.Release|Any CPU.Build.0 = Release|Any CPU
		{69CBC961-4F26-40EA-8D6F-B951713449E1}.Debug|Any CPU.ActiveCfg = Debug|Any CPU
		{69CBC961-4F26-40EA-8D6F-B951713449E1}.Debug|Any CPU.Build.0 = Debug|Any CPU
		{69CBC961-4F26-40EA-8D6F-B951713449E1}.Release|Any CPU.ActiveCfg = Release|Any CPU
		{69CBC961-4F26-40EA-8D6F-B951713449E1}.Release|Any CPU.Build.0 = Release|Any CPU
		{2973A0FB-4ADD-4E32-9E13-7BE131DC6D6E}.Debug|Any CPU.ActiveCfg = Debug|Any CPU
		{2973A0FB-4ADD-4E32-9E13-7BE131DC6D6E}.Debug|Any CPU.Build.0 = Debug|Any CPU
		{2973A0FB-4ADD-4E32-9E13-7BE131DC6D6E}.Release|Any CPU.ActiveCfg = Release|Any CPU
		{2973A0FB-4ADD-4E32-9E13-7BE131DC6D6E}.Release|Any CPU.Build.0 = Release|Any CPU
		{5D8CFF8D-3950-43BD-BC12-8EFC84F2E88E}.Debug|Any CPU.ActiveCfg = Debug|Any CPU
		{5D8CFF8D-3950-43BD-BC12-8EFC84F2E88E}.Debug|Any CPU.Build.0 = Debug|Any CPU
		{5D8CFF8D-3950-43BD-BC12-8EFC84F2E88E}.Release|Any CPU.ActiveCfg = Release|Any CPU
		{5D8CFF8D-3950-43BD-BC12-8EFC84F2E88E}.Release|Any CPU.Build.0 = Release|Any CPU
		{1E69D3B9-A99E-482B-876B-1B8725B917F9}.Debug|Any CPU.ActiveCfg = Debug|Any CPU
		{1E69D3B9-A99E-482B-876B-1B8725B917F9}.Debug|Any CPU.Build.0 = Debug|Any CPU
		{1E69D3B9-A99E-482B-876B-1B8725B917F9}.Release|Any CPU.ActiveCfg = Release|Any CPU
		{1E69D3B9-A99E-482B-876B-1B8725B917F9}.Release|Any CPU.Build.0 = Release|Any CPU
		{E67F659B-E382-490B-B31D-B4D05A5A7075}.Debug|Any CPU.ActiveCfg = Debug|Any CPU
		{E67F659B-E382-490B-B31D-B4D05A5A7075}.Debug|Any CPU.Build.0 = Debug|Any CPU
		{E67F659B-E382-490B-B31D-B4D05A5A7075}.Release|Any CPU.ActiveCfg = Release|Any CPU
		{E67F659B-E382-490B-B31D-B4D05A5A7075}.Release|Any CPU.Build.0 = Release|Any CPU
		{F8D79B17-E9C3-42C8-8D15-3FB105AF1D31}.Debug|Any CPU.ActiveCfg = Debug|Any CPU
		{F8D79B17-E9C3-42C8-8D15-3FB105AF1D31}.Debug|Any CPU.Build.0 = Debug|Any CPU
		{F8D79B17-E9C3-42C8-8D15-3FB105AF1D31}.Release|Any CPU.ActiveCfg = Release|Any CPU
		{F8D79B17-E9C3-42C8-8D15-3FB105AF1D31}.Release|Any CPU.Build.0 = Release|Any CPU
		{834829AD-F34B-438A-84FA-797164FB2C15}.Debug|Any CPU.ActiveCfg = Debug|Any CPU
		{834829AD-F34B-438A-84FA-797164FB2C15}.Debug|Any CPU.Build.0 = Debug|Any CPU
		{834829AD-F34B-438A-84FA-797164FB2C15}.Release|Any CPU.ActiveCfg = Release|Any CPU
		{834829AD-F34B-438A-84FA-797164FB2C15}.Release|Any CPU.Build.0 = Release|Any CPU
		{2220D711-D14C-4826-98B3-9C49CD57FB16}.Debug|Any CPU.ActiveCfg = Debug|Any CPU
		{2220D711-D14C-4826-98B3-9C49CD57FB16}.Debug|Any CPU.Build.0 = Debug|Any CPU
		{2220D711-D14C-4826-98B3-9C49CD57FB16}.Release|Any CPU.ActiveCfg = Release|Any CPU
		{2220D711-D14C-4826-98B3-9C49CD57FB16}.Release|Any CPU.Build.0 = Release|Any CPU
		{19BB09D6-57AD-42DA-9482-AADF6D5C5996}.Debug|Any CPU.ActiveCfg = Debug|Any CPU
		{19BB09D6-57AD-42DA-9482-AADF6D5C5996}.Debug|Any CPU.Build.0 = Debug|Any CPU
		{19BB09D6-57AD-42DA-9482-AADF6D5C5996}.Release|Any CPU.ActiveCfg = Release|Any CPU
		{19BB09D6-57AD-42DA-9482-AADF6D5C5996}.Release|Any CPU.Build.0 = Release|Any CPU
		{3E8FD680-2753-4636-9C2D-BE25F310ED25}.Debug|Any CPU.ActiveCfg = Debug|Any CPU
		{3E8FD680-2753-4636-9C2D-BE25F310ED25}.Debug|Any CPU.Build.0 = Debug|Any CPU
		{3E8FD680-2753-4636-9C2D-BE25F310ED25}.Release|Any CPU.ActiveCfg = Release|Any CPU
		{3E8FD680-2753-4636-9C2D-BE25F310ED25}.Release|Any CPU.Build.0 = Release|Any CPU
	EndGlobalSection
	GlobalSection(SolutionProperties) = preSolution
		HideSolutionNode = FALSE
	EndGlobalSection
	GlobalSection(NestedProjects) = preSolution
		{1DE91718-51D0-410B-B513-7A0676260DB9} = {8B4CE903-3AAD-4F8C-9E61-E18A65184B8A}
		{69CBC961-4F26-40EA-8D6F-B951713449E1} = {8B4CE903-3AAD-4F8C-9E61-E18A65184B8A}
		{2973A0FB-4ADD-4E32-9E13-7BE131DC6D6E} = {8B4CE903-3AAD-4F8C-9E61-E18A65184B8A}
		{5D8CFF8D-3950-43BD-BC12-8EFC84F2E88E} = {8B4CE903-3AAD-4F8C-9E61-E18A65184B8A}
		{1E69D3B9-A99E-482B-876B-1B8725B917F9} = {8B4CE903-3AAD-4F8C-9E61-E18A65184B8A}
		{E67F659B-E382-490B-B31D-B4D05A5A7075} = {8B4CE903-3AAD-4F8C-9E61-E18A65184B8A}
		{F8D79B17-E9C3-42C8-8D15-3FB105AF1D31} = {8215100C-EC87-4E95-9329-BBF963A669DF}
		{834829AD-F34B-438A-84FA-797164FB2C15} = {8215100C-EC87-4E95-9329-BBF963A669DF}
		{2220D711-D14C-4826-98B3-9C49CD57FB16} = {8215100C-EC87-4E95-9329-BBF963A669DF}
		{19BB09D6-57AD-42DA-9482-AADF6D5C5996} = {8215100C-EC87-4E95-9329-BBF963A669DF}
		{3E8FD680-2753-4636-9C2D-BE25F310ED25} = {8215100C-EC87-4E95-9329-BBF963A669DF}
	EndGlobalSection
	GlobalSection(ExtensibilityGlobals) = postSolution
		SolutionGuid = {6CBE770D-709C-47E1-93E9-9019B5A6F401}
	EndGlobalSection
EndGlobal
